
Microsoft Visual Studio Solution File, Format Version 12.00
# Visual Studio Version 16
VisualStudioVersion = 16.0.30907.101
MinimumVisualStudioVersion = 10.0.40219.1
Project("{FAE04EC0-301F-11D3-BF4B-00C04F79EFBC}") = "WebApi_EntityFramework", "WebApi_EntityFramework\WebApi_EntityFramework.csproj", "{DF0EB56D-09E2-4A71-8385-09A26ADFF32E}"
EndProject
Project("{FAE04EC0-301F-11D3-BF4B-00C04F79EFBC}") = "ProductEntityframework", "ProductEntityframework\ProductEntityframework.csproj", "{CE439005-36F4-476F-A8D9-961C34A83563}"
EndProject
Global
	GlobalSection(SolutionConfigurationPlatforms) = preSolution
		Debug|Any CPU = Debug|Any CPU
		Release|Any CPU = Release|Any CPU
	EndGlobalSection
	GlobalSection(ProjectConfigurationPlatforms) = postSolution
		{DF0EB56D-09E2-4A71-8385-09A26ADFF32E}.Debug|Any CPU.ActiveCfg = Debug|Any CPU
		{DF0EB56D-09E2-4A71-8385-09A26ADFF32E}.Debug|Any CPU.Build.0 = Debug|Any CPU
		{DF0EB56D-09E2-4A71-8385-09A26ADFF32E}.Release|Any CPU.ActiveCfg = Release|Any CPU
		{DF0EB56D-09E2-4A71-8385-09A26ADFF32E}.Release|Any CPU.Build.0 = Release|Any CPU
		{CE439005-36F4-476F-A8D9-961C34A83563}.Debug|Any CPU.ActiveCfg = Debug|Any CPU
		{CE439005-36F4-476F-A8D9-961C34A83563}.Debug|Any CPU.Build.0 = Debug|Any CPU
		{CE439005-36F4-476F-A8D9-961C34A83563}.Release|Any CPU.ActiveCfg = Release|Any CPU
		{CE439005-36F4-476F-A8D9-961C34A83563}.Release|Any CPU.Build.0 = Release|Any CPU
	EndGlobalSection
	GlobalSection(SolutionProperties) = preSolution
		HideSolutionNode = FALSE
	EndGlobalSection
	GlobalSection(ExtensibilityGlobals) = postSolution
		SolutionGuid = {75AA1E31-D83A-4714-B69B-27C146FF0515}
	EndGlobalSection
EndGlobal
